// !$*UTF8*$!
{
	archiveVersion = 1;
	classes = {
	};
	objectVersion = 46;
	objects = {

/* Begin PBXBuildFile section */
		07CAE5751B12C41A0013B5AF /* main.c in Sources */ = {isa = PBXBuildFile; fileRef = 07CAE5741B12C41A0013B5AF /* main.c */; };
/* End PBXBuildFile section */

/* Begin PBXCopyFilesBuildPhase section */
		07CAE56F1B12C41A0013B5AF /* CopyFiles */ = {
			isa = PBXCopyFilesBuildPhase;
			buildActionMask = 2147483647;
			dstPath = /usr/share/man/man1/;
			dstSubfolderSpec = 0;
			files = (
			);
			runOnlyForDeploymentPostprocessing = 1;
		};
/* End PBXCopyFilesBuildPhase section */

/* Begin PBXFileReference section */
		07CAE5711B12C41A0013B5AF /* MERGE-SORT */ = {isa = PBXFileReference; explicitFileType = "compiled.mach-o.executable"; includeInIndex = 0; path = "MERGE-SORT"; sourceTree = BUILT_PRODUCTS_DIR; };
		07CAE5741B12C41A0013B5AF /* main.c */ = {isa = PBXFileReference; lastKnownFileType = sourcecode.c.c; path = main.c; sourceTree = "<group>"; };
/* End PBXFileReference section */

/* Begin PBXFrameworksBuildPhase section */
		07CAE56E1B12C41A0013B5AF /* Frameworks */ = {
			isa = PBXFrameworksBuildPhase;
			buildActionMask = 2147483647;
			files = (
			);
			runOnlyForDeploymentPostprocessing = 0;
		};
/* End PBXFrameworksBuildPhase section */

/* Begin PBXGroup section */
		07CAE5681B12C41A0013B5AF = {
			isa = PBXGroup;
			children = (
				07CAE5731B12C41A0013B5AF /* MERGE-SORT */,
				07CAE5721B12C41A0013B5AF /* Products */,
			);
			sourceTree = "<group>";
		};
		07CAE5721B12C41A0013B5AF /* Products */ = {
			isa = PBXGroup;
			children = (
				07CAE5711B12C41A0013B5AF /* MERGE-SORT */,
			);
			name = Products;
			sourceTree = "<group>";
		};
		07CAE5731B12C41A0013B5AF /* MERGE-SORT */ = {
			isa = PBXGroup;
			children = (
				07CAE5741B12C41A0013B5AF /* main.c */,
			);
			path = "MERGE-SORT";
			sourceTree = "<group>";
		};
/* End PBXGroup section */

/* Begin PBXNativeTarget section */
		07CAE5701B12C41A0013B5AF /* MERGE-SORT */ = {
			isa = PBXNativeTarget;
			buildConfigurationList = 07CAE5781B12C41A0013B5AF /* Build configuration list for PBXNativeTarget "MERGE-SORT" */;
			buildPhases = (
				07CAE56D1B12C41A0013B5AF /* Sources */,
				07CAE56E1B12C41A0013B5AF /* Frameworks */,
				07CAE56F1B12C41A0013B5AF /* CopyFiles */,
			);
			buildRules = (
			);
			dependencies = (
			);
			name = "MERGE-SORT";
			productName = "MERGE-SORT";
			productReference = 07CAE5711B12C41A0013B5AF /* MERGE-SORT */;
			productType = "com.apple.product-type.tool";
		};
/* End PBXNativeTarget section */

/* Begin PBXProject section */
		07CAE5691B12C41A0013B5AF /* Project object */ = {
			isa = PBXProject;
			attributes = {
				LastUpgradeCheck = 0610;
				ORGANIZATIONNAME = Suchao;
				TargetAttributes = {
					07CAE5701B12C41A0013B5AF = {
						CreatedOnToolsVersion = 6.1.1;
					};
				};
			};
			buildConfigurationList = 07CAE56C1B12C41A0013B5AF /* Build configuration list for PBXProject "MERGE-SORT" */;
			compatibilityVersion = "Xcode 3.2";
			developmentRegion = English;
			hasScannedForEncodings = 0;
			knownRegions = (
				en,
			);
			mainGroup = 07CAE5681B12C41A0013B5AF;
			productRefGroup = 07CAE5721B12C41A0013B5AF /* Products */;
			projectDirPath = "";
			projectRoot = "";
			targets = (
				07CAE5701B12C41A0013B5AF /* MERGE-SORT */,
			);
		};
/* End PBXProject section */

/* Begin PBXSourcesBuildPhase section */
		07CAE56D1B12C41A0013B5AF /* Sources */ = {
			isa = PBXSourcesBuildPhase;
			buildActionMask = 2147483647;
			files = (
				07CAE5751B12C41A0013B5AF /* main.c in Sources */,
			);
			runOnlyForDeploymentPostprocessing = 0;
		};
/* End PBXSourcesBuildPhase section */

/* Begin XCBuildConfiguration section */
		07CAE5761B12C41A0013B5AF /* Debug */ = {
			isa = XCBuildConfiguration;
			buildSettings = {
				ALWAYS_SEARCH_USER_PATHS = NO;
				CLANG_CXX_LANGUAGE_STANDARD = "gnu++0x";
				CLANG_CXX_LIBRARY = "libc++";
				CLANG_ENABLE_MODULES = YES;
				CLANG_ENABLE_OBJC_ARC = YES;
				CLANG_WARN_BOOL_CONVERSION = YES;
				CLANG_WARN_CONSTANT_CONVERSION = YES;
				CLANG_WARN_DIRECT_OBJC_ISA_USAGE = YES_ERROR;
				CLANG_WARN_EMPTY_BODY = YES;
				CLANG_WARN_ENUM_CONVERSION = YES;
				CLANG_WARN_INT_CONVERSION = YES;
				CLANG_WARN_OBJC_ROOT_CLASS = YES_ERROR;
				CLANG_WARN_UNREACHABLE_CODE = YES;
				CLANG_WARN__DUPLICATE_METHOD_MATCH = YES;
				COPY_PHASE_STRIP = NO;
				ENABLE_STRICT_OBJC_MSGSEND = YES;
				GCC_C_LANGUAGE_STANDARD = gnu99;
				GCC_DYNAMIC_NO_PIC = NO;
				GCC_OPTIMIZATION_LEVEL = 0;
				GCC_PREPROCESSOR_DEFINITIONS = (
					"DEBUG=1",
					"$(inherited)",
				);
				GCC_SYMBOLS_PRIVATE_EXTERN = NO;
				GCC_WARN_64_TO_32_BIT_CONVERSION = YES;
				GCC_WARN_ABOUT_RETURN_TYPE = YES_ERROR;
				GCC_WARN_UNDECLARED_SELECTOR = YES;
				GCC_WARN_UNINITIALIZED_AUTOS = YES_AGGRESSIVE;
				GCC_WARN_UNUSED_FUNCTION = YES;
				GCC_WARN_UNUSED_VARIABLE = YES;
				MACOSX_DEPLOYMENT_TARGET = 10.10;
				MTL_ENABLE_DEBUG_INFO = YES;
				ONLY_ACTIVE_ARCH = YES;
				SDKROOT = macosx;
			};
			name = Debug;
		};
		07CAE5771B12C41A0013B5AF /* Release */ = {
			isa = XCBuildConfiguration;
			buildSettings = {
				ALWAYS_SEARCH_USER_PATHS = NO;
				CLANG_CXX_LANGUAGE_STANDARD = "gnu++0x";
				CLANG_CXX_LIBRARY = "libc++";
				CLANG_ENABLE_MODULES = YES;
				CLANG_ENABLE_OBJC_ARC = YES;
				CLANG_WARN_BOOL_CONVERSION = YES;
				CLANG_WARN_CONSTANT_CONVERSION = YES;
				CLANG_WARN_DIRECT_OBJC_ISA_USAGE = YES_ERROR;
				CLANG_WARN_EMPTY_BODY = YES;
				CLANG_WARN_ENUM_CONVERSION = YES;
				CLANG_WARN_INT_CONVERSION = YES;
				CLANG_WARN_OBJC_ROOT_CLASS = YES_ERROR;
				CLANG_WARN_UNREACHABLE_CODE = YES;
				CLANG_WARN__DUPLICATE_METHOD_MATCH = YES;
				COPY_PHASE_STRIP = YES;
				DEBUG_INFORMATION_FORMAT = "dwarf-with-dsym";
				ENABLE_NS_ASSERTIONS = NO;
				ENABLE_STRICT_OBJC_MSGSEND = YES;
				GCC_C_LANGUAGE_STANDARD = gnu99;
				GCC_WARN_64_TO_32_BIT_CONVERSION = YES;
				GCC_WARN_ABOUT_RETURN_TYPE = YES_ERROR;
				GCC_WARN_UNDECLARED_SELECTOR = YES;
				GCC_WARN_UNINITIALIZED_AUTOS = YES_AGGRESSIVE;
				GCC_WARN_UNUSED_FUNCTION = YES;
				GCC_WARN_UNUSED_VARIABLE = YES;
				MACOSX_DEPLOYMENT_TARGET = 10.10;
				MTL_ENABLE_DEBUG_INFO = NO;
				SDKROOT = macosx;
			};
			name = Release;
		};
		07CAE5791B12C41A0013B5AF /* Debug */ = {
			isa = XCBuildConfiguration;
			buildSettings = {
				PRODUCT_NAME = "$(TARGET_NAME)";
			};
			name = Debug;
		};
		07CAE57A1B12C41A0013B5AF /* Release */ = {
			isa = XCBuildConfiguration;
			buildSettings = {
				PRODUCT_NAME = "$(TARGET_NAME)";
			};
			name = Release;
		};
/* End XCBuildConfiguration section */

/* Begin XCConfigurationList section */
		07CAE56C1B12C41A0013B5AF /* Build configuration list for PBXProject "MERGE-SORT" */ = {
			isa = XCConfigurationList;
			buildConfigurations = (
				07CAE5761B12C41A0013B5AF /* Debug */,
				07CAE5771B12C41A0013B5AF /* Release */,
			);
			defaultConfigurationIsVisible = 0;
			defaultConfigurationName = Release;
		};
		07CAE5781B12C41A0013B5AF /* Build configuration list for PBXNativeTarget "MERGE-SORT" */ = {
			isa = XCConfigurationList;
			buildConfigurations = (
				07CAE5791B12C41A0013B5AF /* Debug */,
				07CAE57A1B12C41A0013B5AF /* Release */,
			);
			defaultConfigurationIsVisible = 0;
		};
/* End XCConfigurationList section */
	};
	rootObject = 07CAE5691B12C41A0013B5AF /* Project object */;
}
